
Microsoft Visual Studio Solution File, Format Version 12.00
# Visual Studio Version 17
VisualStudioVersion = 17.6.33723.286
MinimumVisualStudioVersion = 10.0.40219.1
Project("{FAE04EC0-301F-11D3-BF4B-00C04F79EFBC}") = "WinFormsApp1", "WinFormsApp1\WinFormsApp1.csproj", "{D917B07F-AB85-48D3-8494-2A98F1859E6E}"
EndProject
Global
	GlobalSection(SolutionConfigurationPlatforms) = preSolution
		Debug|Any CPU = Debug|Any CPU
		Release|Any CPU = Release|Any CPU
	EndGlobalSection
	GlobalSection(ProjectConfigurationPlatforms) = postSolution
		{D917B07F-AB85-48D3-8494-2A98F1859E6E}.Debug|Any CPU.ActiveCfg = Debug|Any CPU
		{D917B07F-AB85-48D3-8494-2A98F1859E6E}.Debug|Any CPU.Build.0 = Debug|Any CPU
		{D917B07F-AB85-48D3-8494-2A98F1859E6E}.Release|Any CPU.ActiveCfg = Release|Any CPU
		{D917B07F-AB85-48D3-8494-2A98F1859E6E}.Release|Any CPU.Build.0 = Release|Any CPU
	EndGlobalSection
	GlobalSection(SolutionProperties) = preSolution
		HideSolutionNode = FALSE
	EndGlobalSection
	GlobalSection(ExtensibilityGlobals) = postSolution
		SolutionGuid = {5AA2DB3F-F277-4C1D-BE97-466ED5FDE745}
	EndGlobalSection
EndGlobal
